// !$*UTF8*$!
{
	archiveVersion = 1;
	classes = {
	};
	objectVersion = 77;
	objects = {

/* Begin PBXBuildFile section */
		021D00E500451600D1F1C151 /* KeyboardShortcuts in Frameworks */ = {isa = PBXBuildFile; productRef = CA3CFA36F3082C91A372AD88 /* KeyboardShortcuts */; };
		0BAB3A72E1D9C5A6FD7A86A2 /* ControlPopoverView.swift in Sources */ = {isa = PBXBuildFile; fileRef = 43CC99DAEA2E7D2BDB06FACA /* ControlPopoverView.swift */; };
		49D54B0231FAEDCE4FC5295F /* SettingsView.swift in Sources */ = {isa = PBXBuildFile; fileRef = 9AAB1DFB44BEA94C764EBDB2 /* SettingsView.swift */; };
		54D3F3D4F356FC7FD0895871 /* TimerStore.swift in Sources */ = {isa = PBXBuildFile; fileRef = 04E9860A4151274EF32FA4E1 /* TimerStore.swift */; };
		5775BC78299D82B849C07C93 /* MenuBarIcon.swift in Sources */ = {isa = PBXBuildFile; fileRef = 154549F2A9EA6CD7292AD386 /* MenuBarIcon.swift */; };
		63FBE426AB9099C0E9AEC3A7 /* AppSettings.swift in Sources */ = {isa = PBXBuildFile; fileRef = 2B2E842AFE20D56260713FE0 /* AppSettings.swift */; };
		B71ECF8689991149FA6F36F5 /* SessionPhase.swift in Sources */ = {isa = PBXBuildFile; fileRef = 1643675B6F351900FC27E54E /* SessionPhase.swift */; };
		DC9BACEC622D4949E4F082FE /* ArcTimerView.swift in Sources */ = {isa = PBXBuildFile; fileRef = 1953581CA29677702F07537F /* ArcTimerView.swift */; };
		E0FC4C40FF44D22D650F893F /* PomodoroApp.swift in Sources */ = {isa = PBXBuildFile; fileRef = 89720243547C2AC7DE9E92D8 /* PomodoroApp.swift */; };
		F237E6BE0FF16F3635D100A9 /* TimerStoreTests.swift in Sources */ = {isa = PBXBuildFile; fileRef = 020E4A6F54D61D5AC23EE08C /* TimerStoreTests.swift */; };
		FAA146F1F4AC51A9474C41DB /* AppSettingsTests.swift in Sources */ = {isa = PBXBuildFile; fileRef = D15D1CE255AE79D43D8FF3CF /* AppSettingsTests.swift */; };
/* End PBXBuildFile section */

/* Begin PBXContainerItemProxy section */
		38F1339AA400FB8DB1F18977 /* PBXContainerItemProxy */ = {
			isa = PBXContainerItemProxy;
			containerPortal = 696C6DDA24A5C4A402796F89 /* Project object */;
			proxyType = 1;
			remoteGlobalIDString = 7903707A219EEB0A29FD23BD;
			remoteInfo = Pomodoro;
		};
/* End PBXContainerItemProxy section */

/* Begin PBXFileReference section */
		020E4A6F54D61D5AC23EE08C /* TimerStoreTests.swift */ = {isa = PBXFileReference; lastKnownFileType = sourcecode.swift; path = TimerStoreTests.swift; sourceTree = "<group>"; };
		04E9860A4151274EF32FA4E1 /* TimerStore.swift */ = {isa = PBXFileReference; lastKnownFileType = sourcecode.swift; path = TimerStore.swift; sourceTree = "<group>"; };
		13AE08D9A779DE0DA2F45A23 /* PomodoroTests.xctest */ = {isa = PBXFileReference; explicitFileType = wrapper.cfbundle; includeInIndex = 0; path = PomodoroTests.xctest; sourceTree = BUILT_PRODUCTS_DIR; };
		154549F2A9EA6CD7292AD386 /* MenuBarIcon.swift */ = {isa = PBXFileReference; lastKnownFileType = sourcecode.swift; path = MenuBarIcon.swift; sourceTree = "<group>"; };
		1643675B6F351900FC27E54E /* SessionPhase.swift */ = {isa = PBXFileReference; lastKnownFileType = sourcecode.swift; path = SessionPhase.swift; sourceTree = "<group>"; };
		1953581CA29677702F07537F /* ArcTimerView.swift */ = {isa = PBXFileReference; lastKnownFileType = sourcecode.swift; path = ArcTimerView.swift; sourceTree = "<group>"; };
		1F18AF74266B4F06163B5D01 /* Info.plist */ = {isa = PBXFileReference; lastKnownFileType = text.plist; path = Info.plist; sourceTree = "<group>"; };
		2B2E842AFE20D56260713FE0 /* AppSettings.swift */ = {isa = PBXFileReference; lastKnownFileType = sourcecode.swift; path = AppSettings.swift; sourceTree = "<group>"; };
		43CC99DAEA2E7D2BDB06FACA /* ControlPopoverView.swift */ = {isa = PBXFileReference; lastKnownFileType = sourcecode.swift; path = ControlPopoverView.swift; sourceTree = "<group>"; };
		63C3248B9FAB5C802C03D8BA /* Pomodoro.app */ = {isa = PBXFileReference; explicitFileType = wrapper.application; includeInIndex = 0; path = Pomodoro.app; sourceTree = BUILT_PRODUCTS_DIR; };
		89720243547C2AC7DE9E92D8 /* PomodoroApp.swift */ = {isa = PBXFileReference; lastKnownFileType = sourcecode.swift; path = PomodoroApp.swift; sourceTree = "<group>"; };
		9AAB1DFB44BEA94C764EBDB2 /* SettingsView.swift */ = {isa = PBXFileReference; lastKnownFileType = sourcecode.swift; path = SettingsView.swift; sourceTree = "<group>"; };
		A4A840B5E067AC536CFCA2B5 /* Pomodoro.entitlements */ = {isa = PBXFileReference; lastKnownFileType = text.plist.entitlements; path = Pomodoro.entitlements; sourceTree = "<group>"; };
		D15D1CE255AE79D43D8FF3CF /* AppSettingsTests.swift */ = {isa = PBXFileReference; lastKnownFileType = sourcecode.swift; path = AppSettingsTests.swift; sourceTree = "<group>"; };
/* End PBXFileReference section */

/* Begin PBXFrameworksBuildPhase section */
		CAD5CAE9A034ABCE270ED378 /* Frameworks */ = {
			isa = PBXFrameworksBuildPhase;
			buildActionMask = 2147483647;
			files = (
				021D00E500451600D1F1C151 /* KeyboardShortcuts in Frameworks */,
			);
			runOnlyForDeploymentPostprocessing = 0;
		};
/* End PBXFrameworksBuildPhase section */

/* Begin PBXGroup section */
		092CBF565D2F921EFC086229 /* Views */ = {
			isa = PBXGroup;
			children = (
				1953581CA29677702F07537F /* ArcTimerView.swift */,
				43CC99DAEA2E7D2BDB06FACA /* ControlPopoverView.swift */,
				9AAB1DFB44BEA94C764EBDB2 /* SettingsView.swift */,
			);
			path = Views;
			sourceTree = "<group>";
		};
		2E8674BBDE16B20B81905870 /* Products */ = {
			isa = PBXGroup;
			children = (
				63C3248B9FAB5C802C03D8BA /* Pomodoro.app */,
				13AE08D9A779DE0DA2F45A23 /* PomodoroTests.xctest */,
			);
			name = Products;
			sourceTree = "<group>";
		};
		386C7C26EC13AE794F4AA179 /* Pomodoro */ = {
			isa = PBXGroup;
			children = (
				2B2E842AFE20D56260713FE0 /* AppSettings.swift */,
				1F18AF74266B4F06163B5D01 /* Info.plist */,
				154549F2A9EA6CD7292AD386 /* MenuBarIcon.swift */,
				A4A840B5E067AC536CFCA2B5 /* Pomodoro.entitlements */,
				89720243547C2AC7DE9E92D8 /* PomodoroApp.swift */,
				1643675B6F351900FC27E54E /* SessionPhase.swift */,
				04E9860A4151274EF32FA4E1 /* TimerStore.swift */,
				092CBF565D2F921EFC086229 /* Views */,
			);
			path = Pomodoro;
			sourceTree = "<group>";
		};
		4B01775164094D580514E673 /* PomodoroTests */ = {
			isa = PBXGroup;
			children = (
				D15D1CE255AE79D43D8FF3CF /* AppSettingsTests.swift */,
				020E4A6F54D61D5AC23EE08C /* TimerStoreTests.swift */,
			);
			path = PomodoroTests;
			sourceTree = "<group>";
		};
		7224001E175C4EE63B46324D = {
			isa = PBXGroup;
			children = (
				386C7C26EC13AE794F4AA179 /* Pomodoro */,
				4B01775164094D580514E673 /* PomodoroTests */,
				2E8674BBDE16B20B81905870 /* Products */,
			);
			sourceTree = "<group>";
		};
/* End PBXGroup section */

/* Begin PBXNativeTarget section */
		7903707A219EEB0A29FD23BD /* Pomodoro */ = {
			isa = PBXNativeTarget;
			buildConfigurationList = 3E60CD5C7520207E12DB32B0 /* Build configuration list for PBXNativeTarget "Pomodoro" */;
			buildPhases = (
				BDF2DF9B9A082E540AD3F574 /* Sources */,
				CAD5CAE9A034ABCE270ED378 /* Frameworks */,
			);
			buildRules = (
			);
			dependencies = (
			);
			name = Pomodoro;
			packageProductDependencies = (
				CA3CFA36F3082C91A372AD88 /* KeyboardShortcuts */,
			);
			productName = Pomodoro;
			productReference = 63C3248B9FAB5C802C03D8BA /* Pomodoro.app */;
			productType = "com.apple.product-type.application";
		};
		D067DB411932CA24884D3B13 /* PomodoroTests */ = {
			isa = PBXNativeTarget;
			buildConfigurationList = B84A069775F4B73BC7BF94CF /* Build configuration list for PBXNativeTarget "PomodoroTests" */;
			buildPhases = (
				4FB1D51383FB58AA940E321A /* Sources */,
			);
			buildRules = (
			);
			dependencies = (
				D359B52E97AC4F25C03DAACD /* PBXTargetDependency */,
			);
			name = PomodoroTests;
			packageProductDependencies = (
			);
			productName = PomodoroTests;
			productReference = 13AE08D9A779DE0DA2F45A23 /* PomodoroTests.xctest */;
			productType = "com.apple.product-type.bundle.unit-test";
		};
/* End PBXNativeTarget section */

/* Begin PBXProject section */
		696C6DDA24A5C4A402796F89 /* Project object */ = {
			isa = PBXProject;
			attributes = {
				BuildIndependentTargetsInParallel = YES;
				LastUpgradeCheck = 1430;
				TargetAttributes = {
				};
			};
			buildConfigurationList = 3BA78823BED85E98FA1F9BA4 /* Build configuration list for PBXProject "Pomodoro" */;
			developmentRegion = en;
			hasScannedForEncodings = 0;
			knownRegions = (
				Base,
				en,
			);
			mainGroup = 7224001E175C4EE63B46324D;
			minimizedProjectReferenceProxies = 1;
			packageReferences = (
				CD77D059252EC21F632B6C16 /* XCRemoteSwiftPackageReference "KeyboardShortcuts" */,
			);
			preferredProjectObjectVersion = 77;
			productRefGroup = 2E8674BBDE16B20B81905870 /* Products */;
			projectDirPath = "";
			projectRoot = "";
			targets = (
				7903707A219EEB0A29FD23BD /* Pomodoro */,
				D067DB411932CA24884D3B13 /* PomodoroTests */,
			);
		};
/* End PBXProject section */

/* Begin PBXSourcesBuildPhase section */
		4FB1D51383FB58AA940E321A /* Sources */ = {
			isa = PBXSourcesBuildPhase;
			buildActionMask = 2147483647;
			files = (
				FAA146F1F4AC51A9474C41DB /* AppSettingsTests.swift in Sources */,
				F237E6BE0FF16F3635D100A9 /* TimerStoreTests.swift in Sources */,
			);
			runOnlyForDeploymentPostprocessing = 0;
		};
		BDF2DF9B9A082E540AD3F574 /* Sources */ = {
			isa = PBXSourcesBuildPhase;
			buildActionMask = 2147483647;
			files = (
				63FBE426AB9099C0E9AEC3A7 /* AppSettings.swift in Sources */,
				DC9BACEC622D4949E4F082FE /* ArcTimerView.swift in Sources */,
				0BAB3A72E1D9C5A6FD7A86A2 /* ControlPopoverView.swift in Sources */,
				5775BC78299D82B849C07C93 /* MenuBarIcon.swift in Sources */,
				E0FC4C40FF44D22D650F893F /* PomodoroApp.swift in Sources */,
				B71ECF8689991149FA6F36F5 /* SessionPhase.swift in Sources */,
				49D54B0231FAEDCE4FC5295F /* SettingsView.swift in Sources */,
				54D3F3D4F356FC7FD0895871 /* TimerStore.swift in Sources */,
			);
			runOnlyForDeploymentPostprocessing = 0;
		};
/* End PBXSourcesBuildPhase section */

/* Begin PBXTargetDependency section */
		D359B52E97AC4F25C03DAACD /* PBXTargetDependency */ = {
			isa = PBXTargetDependency;
			target = 7903707A219EEB0A29FD23BD /* Pomodoro */;
			targetProxy = 38F1339AA400FB8DB1F18977 /* PBXContainerItemProxy */;
		};
/* End PBXTargetDependency section */

/* Begin XCBuildConfiguration section */
		2FF50AA0298C52DE2C07A5DD /* Release */ = {
			isa = XCBuildConfiguration;
			buildSettings = {
				ALWAYS_SEARCH_USER_PATHS = NO;
				CLANG_ANALYZER_NONNULL = YES;
				CLANG_ANALYZER_NUMBER_OBJECT_CONVERSION = YES_AGGRESSIVE;
				CLANG_CXX_LANGUAGE_STANDARD = "gnu++14";
				CLANG_CXX_LIBRARY = "libc++";
				CLANG_ENABLE_MODULES = YES;
				CLANG_ENABLE_OBJC_ARC = YES;
				CLANG_ENABLE_OBJC_WEAK = YES;
				CLANG_WARN_BLOCK_CAPTURE_AUTORELEASING = YES;
				CLANG_WARN_BOOL_CONVERSION = YES;
				CLANG_WARN_COMMA = YES;
				CLANG_WARN_CONSTANT_CONVERSION = YES;
				CLANG_WARN_DEPRECATED_OBJC_IMPLEMENTATIONS = YES;
				CLANG_WARN_DIRECT_OBJC_ISA_USAGE = YES_ERROR;
				CLANG_WARN_DOCUMENTATION_COMMENTS = YES;
				CLANG_WARN_EMPTY_BODY = YES;
				CLANG_WARN_ENUM_CONVERSION = YES;
				CLANG_WARN_INFINITE_RECURSION = YES;
				CLANG_WARN_INT_CONVERSION = YES;
				CLANG_WARN_NON_LITERAL_NULL_CONVERSION = YES;
				CLANG_WARN_OBJC_IMPLICIT_RETAIN_SELF = YES;
				CLANG_WARN_OBJC_LITERAL_CONVERSION = YES;
				CLANG_WARN_OBJC_ROOT_CLASS = YES_ERROR;
				CLANG_WARN_QUOTED_INCLUDE_IN_FRAMEWORK_HEADER = YES;
				CLANG_WARN_RANGE_LOOP_ANALYSIS = YES;
				CLANG_WARN_STRICT_PROTOTYPES = YES;
				CLANG_WARN_SUSPICIOUS_MOVE = YES;
				CLANG_WARN_UNGUARDED_AVAILABILITY = YES_AGGRESSIVE;
				CLANG_WARN_UNREACHABLE_CODE = YES;
				CLANG_WARN__DUPLICATE_METHOD_MATCH = YES;
				COPY_PHASE_STRIP = NO;
				DEBUG_INFORMATION_FORMAT = "dwarf-with-dsym";
				ENABLE_NS_ASSERTIONS = NO;
				ENABLE_STRICT_OBJC_MSGSEND = YES;
				GCC_C_LANGUAGE_STANDARD = gnu11;
				GCC_NO_COMMON_BLOCKS = YES;
				GCC_WARN_64_TO_32_BIT_CONVERSION = YES;
				GCC_WARN_ABOUT_RETURN_TYPE = YES_ERROR;
				GCC_WARN_UNDECLARED_SELECTOR = YES;
				GCC_WARN_UNINITIALIZED_AUTOS = YES_AGGRESSIVE;
				GCC_WARN_UNUSED_FUNCTION = YES;
				GCC_WARN_UNUSED_VARIABLE = YES;
				MACOSX_DEPLOYMENT_TARGET = 14.0;
				MTL_ENABLE_DEBUG_INFO = NO;
				MTL_FAST_MATH = YES;
				PRODUCT_NAME = "$(TARGET_NAME)";
				SDKROOT = macosx;
				SWIFT_COMPILATION_MODE = wholemodule;
				SWIFT_OPTIMIZATION_LEVEL = "-O";
				SWIFT_VERSION = 5.0;
			};
			name = Release;
		};
		476E3910E9638717F55D4E21 /* Debug */ = {
			isa = XCBuildConfiguration;
			buildSettings = {
				ALWAYS_SEARCH_USER_PATHS = NO;
				CLANG_ANALYZER_NONNULL = YES;
				CLANG_ANALYZER_NUMBER_OBJECT_CONVERSION = YES_AGGRESSIVE;
				CLANG_CXX_LANGUAGE_STANDARD = "gnu++14";
				CLANG_CXX_LIBRARY = "libc++";
				CLANG_ENABLE_MODULES = YES;
				CLANG_ENABLE_OBJC_ARC = YES;
				CLANG_ENABLE_OBJC_WEAK = YES;
				CLANG_WARN_BLOCK_CAPTURE_AUTORELEASING = YES;
				CLANG_WARN_BOOL_CONVERSION = YES;
				CLANG_WARN_COMMA = YES;
				CLANG_WARN_CONSTANT_CONVERSION = YES;
				CLANG_WARN_DEPRECATED_OBJC_IMPLEMENTATIONS = YES;
				CLANG_WARN_DIRECT_OBJC_ISA_USAGE = YES_ERROR;
				CLANG_WARN_DOCUMENTATION_COMMENTS = YES;
				CLANG_WARN_EMPTY_BODY = YES;
				CLANG_WARN_ENUM_CONVERSION = YES;
				CLANG_WARN_INFINITE_RECURSION = YES;
				CLANG_WARN_INT_CONVERSION = YES;
				CLANG_WARN_NON_LITERAL_NULL_CONVERSION = YES;
				CLANG_WARN_OBJC_IMPLICIT_RETAIN_SELF = YES;
				CLANG_WARN_OBJC_LITERAL_CONVERSION = YES;
				CLANG_WARN_OBJC_ROOT_CLASS = YES_ERROR;
				CLANG_WARN_QUOTED_INCLUDE_IN_FRAMEWORK_HEADER = YES;
				CLANG_WARN_RANGE_LOOP_ANALYSIS = YES;
				CLANG_WARN_STRICT_PROTOTYPES = YES;
				CLANG_WARN_SUSPICIOUS_MOVE = YES;
				CLANG_WARN_UNGUARDED_AVAILABILITY = YES_AGGRESSIVE;
				CLANG_WARN_UNREACHABLE_CODE = YES;
				CLANG_WARN__DUPLICATE_METHOD_MATCH = YES;
				COPY_PHASE_STRIP = NO;
				DEBUG_INFORMATION_FORMAT = dwarf;
				ENABLE_STRICT_OBJC_MSGSEND = YES;
				ENABLE_TESTABILITY = YES;
				GCC_C_LANGUAGE_STANDARD = gnu11;
				GCC_DYNAMIC_NO_PIC = NO;
				GCC_NO_COMMON_BLOCKS = YES;
				GCC_OPTIMIZATION_LEVEL = 0;
				GCC_PREPROCESSOR_DEFINITIONS = (
					"$(inherited)",
					"DEBUG=1",
				);
				GCC_WARN_64_TO_32_BIT_CONVERSION = YES;
				GCC_WARN_ABOUT_RETURN_TYPE = YES_ERROR;
				GCC_WARN_UNDECLARED_SELECTOR = YES;
				GCC_WARN_UNINITIALIZED_AUTOS = YES_AGGRESSIVE;
				GCC_WARN_UNUSED_FUNCTION = YES;
				GCC_WARN_UNUSED_VARIABLE = YES;
				MACOSX_DEPLOYMENT_TARGET = 14.0;
				MTL_ENABLE_DEBUG_INFO = INCLUDE_SOURCE;
				MTL_FAST_MATH = YES;
				ONLY_ACTIVE_ARCH = YES;
				PRODUCT_NAME = "$(TARGET_NAME)";
				SDKROOT = macosx;
				SWIFT_ACTIVE_COMPILATION_CONDITIONS = DEBUG;
				SWIFT_OPTIMIZATION_LEVEL = "-Onone";
				SWIFT_VERSION = 5.0;
			};
			name = Debug;
		};
		512B3EE945CEE8DEC77C6F51 /* Release */ = {
			isa = XCBuildConfiguration;
			buildSettings = {
				ASSETCATALOG_COMPILER_APPICON_NAME = AppIcon;
				CODE_SIGN_ENTITLEMENTS = Pomodoro/Pomodoro.entitlements;
				COMBINE_HIDPI_IMAGES = YES;
				INFOPLIST_FILE = Pomodoro/Info.plist;
				LD_RUNPATH_SEARCH_PATHS = (
					"$(inherited)",
					"@executable_path/../Frameworks",
				);
				MACOSX_DEPLOYMENT_TARGET = 14.0;
				PRODUCT_BUNDLE_IDENTIFIER = com.pomodoro.app;
				SDKROOT = macosx;
				SWIFT_VERSION = 5.9;
			};
			name = Release;
		};
		AFB518EE27D80685F93EE959 /* Release */ = {
			isa = XCBuildConfiguration;
			buildSettings = {
				BUNDLE_LOADER = "$(TEST_HOST)";
				COMBINE_HIDPI_IMAGES = YES;
				GENERATE_INFOPLIST_FILE = YES;
				LD_RUNPATH_SEARCH_PATHS = (
					"$(inherited)",
					"@executable_path/../Frameworks",
					"@loader_path/../Frameworks",
				);
				MACOSX_DEPLOYMENT_TARGET = 14.0;
				PRODUCT_BUNDLE_IDENTIFIER = com.pomodoro.PomodoroTests;
				SDKROOT = macosx;
				SWIFT_VERSION = 5.9;
				TEST_HOST = "$(BUILT_PRODUCTS_DIR)/Pomodoro.app/Contents/MacOS/Pomodoro";
			};
			name = Release;
		};
		CEBBBBB923CEF08235AC4782 /* Debug */ = {
			isa = XCBuildConfiguration;
			buildSettings = {
				ASSETCATALOG_COMPILER_APPICON_NAME = AppIcon;
				CODE_SIGN_ENTITLEMENTS = Pomodoro/Pomodoro.entitlements;
				COMBINE_HIDPI_IMAGES = YES;
				INFOPLIST_FILE = Pomodoro/Info.plist;
				LD_RUNPATH_SEARCH_PATHS = (
					"$(inherited)",
					"@executable_path/../Frameworks",
				);
				MACOSX_DEPLOYMENT_TARGET = 14.0;
				PRODUCT_BUNDLE_IDENTIFIER = com.pomodoro.app;
				SDKROOT = macosx;
				SWIFT_VERSION = 5.9;
			};
			name = Debug;
		};
		FD08440BC9111BF80CAB4950 /* Debug */ = {
			isa = XCBuildConfiguration;
			buildSettings = {
				BUNDLE_LOADER = "$(TEST_HOST)";
				COMBINE_HIDPI_IMAGES = YES;
				GENERATE_INFOPLIST_FILE = YES;
				LD_RUNPATH_SEARCH_PATHS = (
					"$(inherited)",
					"@executable_path/../Frameworks",
					"@loader_path/../Frameworks",
				);
				MACOSX_DEPLOYMENT_TARGET = 14.0;
				PRODUCT_BUNDLE_IDENTIFIER = com.pomodoro.PomodoroTests;
				SDKROOT = macosx;
				SWIFT_VERSION = 5.9;
				TEST_HOST = "$(BUILT_PRODUCTS_DIR)/Pomodoro.app/Contents/MacOS/Pomodoro";
			};
			name = Debug;
		};
/* End XCBuildConfiguration section */

/* Begin XCConfigurationList section */
		3BA78823BED85E98FA1F9BA4 /* Build configuration list for PBXProject "Pomodoro" */ = {
			isa = XCConfigurationList;
			buildConfigurations = (
				476E3910E9638717F55D4E21 /* Debug */,
				2FF50AA0298C52DE2C07A5DD /* Release */,
			);
			defaultConfigurationIsVisible = 0;
			defaultConfigurationName = Debug;
		};
		3E60CD5C7520207E12DB32B0 /* Build configuration list for PBXNativeTarget "Pomodoro" */ = {
			isa = XCConfigurationList;
			buildConfigurations = (
				CEBBBBB923CEF08235AC4782 /* Debug */,
				512B3EE945CEE8DEC77C6F51 /* Release */,
			);
			defaultConfigurationIsVisible = 0;
			defaultConfigurationName = Debug;
		};
		B84A069775F4B73BC7BF94CF /* Build configuration list for PBXNativeTarget "PomodoroTests" */ = {
			isa = XCConfigurationList;
			buildConfigurations = (
				FD08440BC9111BF80CAB4950 /* Debug */,
				AFB518EE27D80685F93EE959 /* Release */,
			);
			defaultConfigurationIsVisible = 0;
			defaultConfigurationName = Debug;
		};
/* End XCConfigurationList section */

/* Begin XCRemoteSwiftPackageReference section */
		CD77D059252EC21F632B6C16 /* XCRemoteSwiftPackageReference "KeyboardShortcuts" */ = {
			isa = XCRemoteSwiftPackageReference;
			repositoryURL = "https://github.com/sindresorhus/KeyboardShortcuts";
			requirement = {
				kind = upToNextMajorVersion;
				minimumVersion = 2.0.0;
			};
		};
/* End XCRemoteSwiftPackageReference section */

/* Begin XCSwiftPackageProductDependency section */
		CA3CFA36F3082C91A372AD88 /* KeyboardShortcuts */ = {
			isa = XCSwiftPackageProductDependency;
			package = CD77D059252EC21F632B6C16 /* XCRemoteSwiftPackageReference "KeyboardShortcuts" */;
			productName = KeyboardShortcuts;
		};
/* End XCSwiftPackageProductDependency section */
	};
	rootObject = 696C6DDA24A5C4A402796F89 /* Project object */;
}
